{
  "name": "fsm",
  "version": "1.0.0",
  "lockfileVersion": 3,
  "requires": true,
  "packages": {
    "": {
      "name": "fsm",
      "version": "1.0.0",
      "license": "ISC",
      "dependencies": {
        "@xstate/fsm": "^2.0.0",
        "xstate": "^4.37.2"
      }
    },
    "node_modules/@xstate/fsm": {
      "version": "2.0.0",
      "resolved": "https://registry.npmjs.org/@xstate/fsm/-/fsm-2.0.0.tgz",
      "integrity": "sha512-p/zcvBMoU2ap5byMefLkR+AM+Eh99CU/SDEQeccgKlmFNOMDwphaRGqdk+emvel/SaGZ7Rf9sDvzAplLzLdEVQ=="
    },
    "node_modules/xstate": {
      "version": "4.37.2",
      "resolved": "https://registry.npmjs.org/xstate/-/xstate-4.37.2.tgz",
      "integrity": "sha512-Qm337O49CRTZ3PRyRuK6b+kvI+D3JGxXIZCTul+xEsyFCVkTFDt5jixaL1nBWcUBcaTQ9um/5CRGVItPi7fveg==",
      "funding": {
        "type": "opencollective",
        "url": "https://opencollective.com/xstate"
      }
    }
  }
}
